// !$*UTF8*$!
{
	archiveVersion = 1;
	classes = {
	};
	objectVersion = 51;
	objects = {

/* Begin PBXBuildFile section */
		009ACE3A929EF3F9EB021D53 /* Pods_CoursewareDownload.framework in Frameworks */ = {isa = PBXBuildFile; fileRef = 5AEB93960D05D26496E54B9A /* Pods_CoursewareDownload.framework */; };
		101695C52234DC7500A05864 /* XIMANJW.ttf in Resources */ = {isa = PBXBuildFile; fileRef = 101695C42234DC7500A05864 /* XIMANJW.ttf */; };
		10750F362232036600FF2A28 /* AppDelegate.m in Sources */ = {isa = PBXBuildFile; fileRef = 10750F352232036600FF2A28 /* AppDelegate.m */; };
		10750F392232036600FF2A28 /* ViewController.m in Sources */ = {isa = PBXBuildFile; fileRef = 10750F382232036600FF2A28 /* ViewController.m */; };
		10750F3E2232036700FF2A28 /* Assets.xcassets in Resources */ = {isa = PBXBuildFile; fileRef = 10750F3D2232036700FF2A28 /* Assets.xcassets */; };
		10750F442232036700FF2A28 /* main.m in Sources */ = {isa = PBXBuildFile; fileRef = 10750F432232036700FF2A28 /* main.m */; };
		10750F4B223203D500FF2A28 /* LaunchScreen.xib in Resources */ = {isa = PBXBuildFile; fileRef = 10750F4A223203D500FF2A28 /* LaunchScreen.xib */; };
/* End PBXBuildFile section */

/* Begin PBXFileReference section */
		101695C42234DC7500A05864 /* XIMANJW.ttf */ = {isa = PBXFileReference; lastKnownFileType = file; path = XIMANJW.ttf; sourceTree = "<group>"; };
		10750F312232036600FF2A28 /* CoursewareDownload.app */ = {isa = PBXFileReference; explicitFileType = wrapper.application; includeInIndex = 0; path = CoursewareDownload.app; sourceTree = BUILT_PRODUCTS_DIR; };
		10750F342232036600FF2A28 /* AppDelegate.h */ = {isa = PBXFileReference; lastKnownFileType = sourcecode.c.h; path = AppDelegate.h; sourceTree = "<group>"; };
		10750F352232036600FF2A28 /* AppDelegate.m */ = {isa = PBXFileReference; lastKnownFileType = sourcecode.c.objc; path = AppDelegate.m; sourceTree = "<group>"; };
		10750F372232036600FF2A28 /* ViewController.h */ = {isa = PBXFileReference; lastKnownFileType = sourcecode.c.h; path = ViewController.h; sourceTree = "<group>"; };
		10750F382232036600FF2A28 /* ViewController.m */ = {isa = PBXFileReference; lastKnownFileType = sourcecode.c.objc; path = ViewController.m; sourceTree = "<group>"; };
		10750F3D2232036700FF2A28 /* Assets.xcassets */ = {isa = PBXFileReference; lastKnownFileType = folder.assetcatalog; path = Assets.xcassets; sourceTree = "<group>"; };
		10750F422232036700FF2A28 /* Info.plist */ = {isa = PBXFileReference; lastKnownFileType = text.plist.xml; path = Info.plist; sourceTree = "<group>"; };
		10750F432232036700FF2A28 /* main.m */ = {isa = PBXFileReference; lastKnownFileType = sourcecode.c.objc; path = main.m; sourceTree = "<group>"; };
		10750F4A223203D500FF2A28 /* LaunchScreen.xib */ = {isa = PBXFileReference; lastKnownFileType = file.xib; path = LaunchScreen.xib; sourceTree = "<group>"; };
		5AEB93960D05D26496E54B9A /* Pods_CoursewareDownload.framework */ = {isa = PBXFileReference; explicitFileType = wrapper.framework; includeInIndex = 0; path = Pods_CoursewareDownload.framework; sourceTree = BUILT_PRODUCTS_DIR; };
		7E89735FADE66017DB1B9AFB /* Pods-CoursewareDownload.release.xcconfig */ = {isa = PBXFileReference; includeInIndex = 1; lastKnownFileType = text.xcconfig; name = "Pods-CoursewareDownload.release.xcconfig"; path = "Target Support Files/Pods-CoursewareDownload/Pods-CoursewareDownload.release.xcconfig"; sourceTree = "<group>"; };
		D8BE62087008EC23D471AE3B /* Pods-CoursewareDownload.debug.xcconfig */ = {isa = PBXFileReference; includeInIndex = 1; lastKnownFileType = text.xcconfig; name = "Pods-CoursewareDownload.debug.xcconfig"; path = "Target Support Files/Pods-CoursewareDownload/Pods-CoursewareDownload.debug.xcconfig"; sourceTree = "<group>"; };
/* End PBXFileReference section */

/* Begin PBXFrameworksBuildPhase section */
		10750F2E2232036600FF2A28 /* Frameworks */ = {
			isa = PBXFrameworksBuildPhase;
			buildActionMask = 2147483647;
			files = (
				009ACE3A929EF3F9EB021D53 /* Pods_CoursewareDownload.framework in Frameworks */,
			);
			runOnlyForDeploymentPostprocessing = 0;
		};
/* End PBXFrameworksBuildPhase section */

/* Begin PBXGroup section */
		10750F282232036600FF2A28 = {
			isa = PBXGroup;
			children = (
				10750F332232036600FF2A28 /* CoursewareDownload */,
				10750F322232036600FF2A28 /* Products */,
				FA2673378B74490359929D88 /* Pods */,
				55A7DF05869F17EFBAA4A0C4 /* Frameworks */,
			);
			sourceTree = "<group>";
		};
		10750F322232036600FF2A28 /* Products */ = {
			isa = PBXGroup;
			children = (
				10750F312232036600FF2A28 /* CoursewareDownload.app */,
			);
			name = Products;
			sourceTree = "<group>";
		};
		10750F332232036600FF2A28 /* CoursewareDownload */ = {
			isa = PBXGroup;
			children = (
				10750F342232036600FF2A28 /* AppDelegate.h */,
				10750F352232036600FF2A28 /* AppDelegate.m */,
				10750F372232036600FF2A28 /* ViewController.h */,
				10750F382232036600FF2A28 /* ViewController.m */,
				101695C42234DC7500A05864 /* XIMANJW.ttf */,
				10750F4C223203F200FF2A28 /* Supporting Files */,
			);
			path = CoursewareDownload;
			sourceTree = "<group>";
		};
		10750F4C223203F200FF2A28 /* Supporting Files */ = {
			isa = PBXGroup;
			children = (
				10750F3D2232036700FF2A28 /* Assets.xcassets */,
				10750F422232036700FF2A28 /* Info.plist */,
				10750F432232036700FF2A28 /* main.m */,
				10750F4A223203D500FF2A28 /* LaunchScreen.xib */,
			);
			name = "Supporting Files";
			sourceTree = "<group>";
		};
		55A7DF05869F17EFBAA4A0C4 /* Frameworks */ = {
			isa = PBXGroup;
			children = (
				5AEB93960D05D26496E54B9A /* Pods_CoursewareDownload.framework */,
			);
			name = Frameworks;
			sourceTree = "<group>";
		};
		FA2673378B74490359929D88 /* Pods */ = {
			isa = PBXGroup;
			children = (
				D8BE62087008EC23D471AE3B /* Pods-CoursewareDownload.debug.xcconfig */,
				7E89735FADE66017DB1B9AFB /* Pods-CoursewareDownload.release.xcconfig */,
			);
			path = Pods;
			sourceTree = "<group>";
		};
/* End PBXGroup section */

/* Begin PBXNativeTarget section */
		10750F302232036600FF2A28 /* CoursewareDownload */ = {
			isa = PBXNativeTarget;
			buildConfigurationList = 10750F472232036700FF2A28 /* Build configuration list for PBXNativeTarget "CoursewareDownload" */;
			buildPhases = (
				B5931581415FAD9789E216FF /* [CP] Check Pods Manifest.lock */,
				10750F2D2232036600FF2A28 /* Sources */,
				10750F2E2232036600FF2A28 /* Frameworks */,
				10750F2F2232036600FF2A28 /* Resources */,
				621A9B820BB75F8C345DE780 /* [CP] Embed Pods Frameworks */,
			);
			buildRules = (
			);
			dependencies = (
			);
			name = CoursewareDownload;
			productName = CoursewareDownload;
			productReference = 10750F312232036600FF2A28 /* CoursewareDownload.app */;
			productType = "com.apple.product-type.application";
		};
/* End PBXNativeTarget section */

/* Begin PBXProject section */
		10750F292232036600FF2A28 /* Project object */ = {
			isa = PBXProject;
			attributes = {
				LastUpgradeCheck = 1010;
				ORGANIZATIONNAME = ChangDao;
				TargetAttributes = {
					10750F302232036600FF2A28 = {
						CreatedOnToolsVersion = 10.1;
					};
				};
			};
			buildConfigurationList = 10750F2C2232036600FF2A28 /* Build configuration list for PBXProject "CoursewareDownload" */;
			compatibilityVersion = "Xcode 9.3";
			developmentRegion = en;
			hasScannedForEncodings = 0;
			knownRegions = (
				en,
				Base,
			);
			mainGroup = 10750F282232036600FF2A28;
			productRefGroup = 10750F322232036600FF2A28 /* Products */;
			projectDirPath = "";
			projectRoot = "";
			targets = (
				10750F302232036600FF2A28 /* CoursewareDownload */,
			);
		};
/* End PBXProject section */

/* Begin PBXResourcesBuildPhase section */
		10750F2F2232036600FF2A28 /* Resources */ = {
			isa = PBXResourcesBuildPhase;
			buildActionMask = 2147483647;
			files = (
				10750F4B223203D500FF2A28 /* LaunchScreen.xib in Resources */,
				101695C52234DC7500A05864 /* XIMANJW.ttf in Resources */,
				10750F3E2232036700FF2A28 /* Assets.xcassets in Resources */,
			);
			runOnlyForDeploymentPostprocessing = 0;
		};
/* End PBXResourcesBuildPhase section */

/* Begin PBXShellScriptBuildPhase section */
		621A9B820BB75F8C345DE780 /* [CP] Embed Pods Frameworks */ = {
			isa = PBXShellScriptBuildPhase;
			buildActionMask = 2147483647;
			files = (
			);
			inputFileListPaths = (
				"${PODS_ROOT}/Target Support Files/Pods-CoursewareDownload/Pods-CoursewareDownload-frameworks-${CONFIGURATION}-input-files.xcfilelist",
			);
			name = "[CP] Embed Pods Frameworks";
			outputFileListPaths = (
				"${PODS_ROOT}/Target Support Files/Pods-CoursewareDownload/Pods-CoursewareDownload-frameworks-${CONFIGURATION}-output-files.xcfilelist",
			);
			runOnlyForDeploymentPostprocessing = 0;
			shellPath = /bin/sh;
			shellScript = "\"${PODS_ROOT}/Target Support Files/Pods-CoursewareDownload/Pods-CoursewareDownload-frameworks.sh\"\n";
			showEnvVarsInLog = 0;
		};
		B5931581415FAD9789E216FF /* [CP] Check Pods Manifest.lock */ = {
			isa = PBXShellScriptBuildPhase;
			buildActionMask = 2147483647;
			files = (
			);
			inputFileListPaths = (
			);
			inputPaths = (
				"${PODS_PODFILE_DIR_PATH}/Podfile.lock",
				"${PODS_ROOT}/Manifest.lock",
			);
			name = "[CP] Check Pods Manifest.lock";
			outputFileListPaths = (
			);
			outputPaths = (
				"$(DERIVED_FILE_DIR)/Pods-CoursewareDownload-checkManifestLockResult.txt",
			);
			runOnlyForDeploymentPostprocessing = 0;
			shellPath = /bin/sh;
			shellScript = "diff \"${PODS_PODFILE_DIR_PATH}/Podfile.lock\" \"${PODS_ROOT}/Manifest.lock\" > /dev/null\nif [ $? != 0 ] ; then\n    # print error to STDERR\n    echo \"error: The sandbox is not in sync with the Podfile.lock. Run 'pod install' or update your CocoaPods installation.\" >&2\n    exit 1\nfi\n# This output is used by Xcode 'outputs' to avoid re-running this script phase.\necho \"SUCCESS\" > \"${SCRIPT_OUTPUT_FILE_0}\"\n";
			showEnvVarsInLog = 0;
		};
/* End PBXShellScriptBuildPhase section */

/* Begin PBXSourcesBuildPhase section */
		10750F2D2232036600FF2A28 /* Sources */ = {
			isa = PBXSourcesBuildPhase;
			buildActionMask = 2147483647;
			files = (
				10750F392232036600FF2A28 /* ViewController.m in Sources */,
				10750F442232036700FF2A28 /* main.m in Sources */,
				10750F362232036600FF2A28 /* AppDelegate.m in Sources */,
			);
			runOnlyForDeploymentPostprocessing = 0;
		};
/* End PBXSourcesBuildPhase section */

/* Begin XCBuildConfiguration section */
		10750F452232036700FF2A28 /* Debug */ = {
			isa = XCBuildConfiguration;
			buildSettings = {
				ALWAYS_SEARCH_USER_PATHS = NO;
				CLANG_ANALYZER_NONNULL = YES;
				CLANG_ANALYZER_NUMBER_OBJECT_CONVERSION = YES_AGGRESSIVE;
				CLANG_CXX_LANGUAGE_STANDARD = "gnu++14";
				CLANG_CXX_LIBRARY = "libc++";
				CLANG_ENABLE_MODULES = YES;
				CLANG_ENABLE_OBJC_ARC = YES;
				CLANG_ENABLE_OBJC_WEAK = YES;
				CLANG_WARN_BLOCK_CAPTURE_AUTORELEASING = YES;
				CLANG_WARN_BOOL_CONVERSION = YES;
				CLANG_WARN_COMMA = YES;
				CLANG_WARN_CONSTANT_CONVERSION = YES;
				CLANG_WARN_DEPRECATED_OBJC_IMPLEMENTATIONS = YES;
				CLANG_WARN_DIRECT_OBJC_ISA_USAGE = YES_ERROR;
				CLANG_WARN_DOCUMENTATION_COMMENTS = YES;
				CLANG_WARN_EMPTY_BODY = YES;
				CLANG_WARN_ENUM_CONVERSION = YES;
				CLANG_WARN_INFINITE_RECURSION = YES;
				CLANG_WARN_INT_CONVERSION = YES;
				CLANG_WARN_NON_LITERAL_NULL_CONVERSION = YES;
				CLANG_WARN_OBJC_IMPLICIT_RETAIN_SELF = YES;
				CLANG_WARN_OBJC_LITERAL_CONVERSION = YES;
				CLANG_WARN_OBJC_ROOT_CLASS = YES_ERROR;
				CLANG_WARN_RANGE_LOOP_ANALYSIS = YES;
				CLANG_WARN_STRICT_PROTOTYPES = YES;
				CLANG_WARN_SUSPICIOUS_MOVE = YES;
				CLANG_WARN_UNGUARDED_AVAILABILITY = YES_AGGRESSIVE;
				CLANG_WARN_UNREACHABLE_CODE = YES;
				CLANG_WARN__DUPLICATE_METHOD_MATCH = YES;
				CODE_SIGN_IDENTITY = "iPhone Developer";
				COPY_PHASE_STRIP = NO;
				DEBUG_INFORMATION_FORMAT = dwarf;
				ENABLE_STRICT_OBJC_MSGSEND = YES;
				ENABLE_TESTABILITY = YES;
				GCC_C_LANGUAGE_STANDARD = gnu11;
				GCC_DYNAMIC_NO_PIC = NO;
				GCC_NO_COMMON_BLOCKS = YES;
				GCC_OPTIMIZATION_LEVEL = 0;
				GCC_PREPROCESSOR_DEFINITIONS = (
					"DEBUG=1",
					"$(inherited)",
				);
				GCC_WARN_64_TO_32_BIT_CONVERSION = YES;
				GCC_WARN_ABOUT_RETURN_TYPE = YES_ERROR;
				GCC_WARN_UNDECLARED_SELECTOR = YES;
				GCC_WARN_UNINITIALIZED_AUTOS = YES_AGGRESSIVE;
				GCC_WARN_UNUSED_FUNCTION = YES;
				GCC_WARN_UNUSED_VARIABLE = YES;
				IPHONEOS_DEPLOYMENT_TARGET = 12.1;
				MTL_ENABLE_DEBUG_INFO = INCLUDE_SOURCE;
				MTL_FAST_MATH = YES;
				ONLY_ACTIVE_ARCH = YES;
				SDKROOT = iphoneos;
			};
			name = Debug;
		};
		10750F462232036700FF2A28 /* Release */ = {
			isa = XCBuildConfiguration;
			buildSettings = {
				ALWAYS_SEARCH_USER_PATHS = NO;
				CLANG_ANALYZER_NONNULL = YES;
				CLANG_ANALYZER_NUMBER_OBJECT_CONVERSION = YES_AGGRESSIVE;
				CLANG_CXX_LANGUAGE_STANDARD = "gnu++14";
				CLANG_CXX_LIBRARY = "libc++";
				CLANG_ENABLE_MODULES = YES;
				CLANG_ENABLE_OBJC_ARC = YES;
				CLANG_ENABLE_OBJC_WEAK = YES;
				CLANG_WARN_BLOCK_CAPTURE_AUTORELEASING = YES;
				CLANG_WARN_BOOL_CONVERSION = YES;
				CLANG_WARN_COMMA = YES;
				CLANG_WARN_CONSTANT_CONVERSION = YES;
				CLANG_WARN_DEPRECATED_OBJC_IMPLEMENTATIONS = YES;
				CLANG_WARN_DIRECT_OBJC_ISA_USAGE = YES_ERROR;
				CLANG_WARN_DOCUMENTATION_COMMENTS = YES;
				CLANG_WARN_EMPTY_BODY = YES;
				CLANG_WARN_ENUM_CONVERSION = YES;
				CLANG_WARN_INFINITE_RECURSION = YES;
				CLANG_WARN_INT_CONVERSION = YES;
				CLANG_WARN_NON_LITERAL_NULL_CONVERSION = YES;
				CLANG_WARN_OBJC_IMPLICIT_RETAIN_SELF = YES;
				CLANG_WARN_OBJC_LITERAL_CONVERSION = YES;
				CLANG_WARN_OBJC_ROOT_CLASS = YES_ERROR;
				CLANG_WARN_RANGE_LOOP_ANALYSIS = YES;
				CLANG_WARN_STRICT_PROTOTYPES = YES;
				CLANG_WARN_SUSPICIOUS_MOVE = YES;
				CLANG_WARN_UNGUARDED_AVAILABILITY = YES_AGGRESSIVE;
				CLANG_WARN_UNREACHABLE_CODE = YES;
				CLANG_WARN__DUPLICATE_METHOD_MATCH = YES;
				CODE_SIGN_IDENTITY = "iPhone Developer";
				COPY_PHASE_STRIP = NO;
				DEBUG_INFORMATION_FORMAT = "dwarf-with-dsym";
				ENABLE_NS_ASSERTIONS = NO;
				ENABLE_STRICT_OBJC_MSGSEND = YES;
				GCC_C_LANGUAGE_STANDARD = gnu11;
				GCC_NO_COMMON_BLOCKS = YES;
				GCC_WARN_64_TO_32_BIT_CONVERSION = YES;
				GCC_WARN_ABOUT_RETURN_TYPE = YES_ERROR;
				GCC_WARN_UNDECLARED_SELECTOR = YES;
				GCC_WARN_UNINITIALIZED_AUTOS = YES_AGGRESSIVE;
				GCC_WARN_UNUSED_FUNCTION = YES;
				GCC_WARN_UNUSED_VARIABLE = YES;
				IPHONEOS_DEPLOYMENT_TARGET = 12.1;
				MTL_ENABLE_DEBUG_INFO = NO;
				MTL_FAST_MATH = YES;
				SDKROOT = iphoneos;
				VALIDATE_PRODUCT = YES;
			};
			name = Release;
		};
		10750F482232036700FF2A28 /* Debug */ = {
			isa = XCBuildConfiguration;
			baseConfigurationReference = D8BE62087008EC23D471AE3B /* Pods-CoursewareDownload.debug.xcconfig */;
			buildSettings = {
				ASSETCATALOG_COMPILER_APPICON_NAME = AppIcon;
				CODE_SIGN_STYLE = Manual;
				DEVELOPMENT_TEAM = BG4PXE43BN;
				GCC_PREFIX_HEADER = "$(SRCROOT)/CoursewareDownload/Manager/CD_PrefixHeader.pch";
				INFOPLIST_FILE = CoursewareDownload/Info.plist;
				IPHONEOS_DEPLOYMENT_TARGET = 9.0;
				LD_RUNPATH_SEARCH_PATHS = (
					"$(inherited)",
					"@executable_path/Frameworks",
				);
				PRODUCT_BUNDLE_IDENTIFIER = com.ChangDaoTest..CoursewareDownload;
				PRODUCT_NAME = "$(TARGET_NAME)";
				PROVISIONING_PROFILE_SPECIFIER = GeneralProfile;
				TARGETED_DEVICE_FAMILY = "1,2";
			};
			name = Debug;
		};
		10750F492232036700FF2A28 /* Release */ = {
			isa = XCBuildConfiguration;
			baseConfigurationReference = 7E89735FADE66017DB1B9AFB /* Pods-CoursewareDownload.release.xcconfig */;
			buildSettings = {
				ASSETCATALOG_COMPILER_APPICON_NAME = AppIcon;
				CODE_SIGN_STYLE = Manual;
				DEVELOPMENT_TEAM = BG4PXE43BN;
				GCC_PREFIX_HEADER = "$(SRCROOT)/CoursewareDownload/Manager/CD_PrefixHeader.pch";
				INFOPLIST_FILE = CoursewareDownload/Info.plist;
				IPHONEOS_DEPLOYMENT_TARGET = 9.0;
				LD_RUNPATH_SEARCH_PATHS = (
					"$(inherited)",
					"@executable_path/Frameworks",
				);
				PRODUCT_BUNDLE_IDENTIFIER = com.ChangDaoTest..CoursewareDownload;
				PRODUCT_NAME = "$(TARGET_NAME)";
				PROVISIONING_PROFILE_SPECIFIER = GeneralProfile;
				TARGETED_DEVICE_FAMILY = "1,2";
			};
			name = Release;
		};
/* End XCBuildConfiguration section */

/* Begin XCConfigurationList section */
		10750F2C2232036600FF2A28 /* Build configuration list for PBXProject "CoursewareDownload" */ = {
			isa = XCConfigurationList;
			buildConfigurations = (
				10750F452232036700FF2A28 /* Debug */,
				10750F462232036700FF2A28 /* Release */,
			);
			defaultConfigurationIsVisible = 0;
			defaultConfigurationName = Release;
		};
		10750F472232036700FF2A28 /* Build configuration list for PBXNativeTarget "CoursewareDownload" */ = {
			isa = XCConfigurationList;
			buildConfigurations = (
				10750F482232036700FF2A28 /* Debug */,
				10750F492232036700FF2A28 /* Release */,
			);
			defaultConfigurationIsVisible = 0;
			defaultConfigurationName = Release;
		};
/* End XCConfigurationList section */
	};
	rootObject = 10750F292232036600FF2A28 /* Project object */;
}
